
Microsoft Visual Studio Solution File, Format Version 12.00
# Visual Studio 15
VisualStudioVersion = 15.0.28307.1585
MinimumVisualStudioVersion = 10.0.40219.1
Project("{8BC9CEB8-8B4A-11D0-8D11-00A0C91BC942}") = "HomeWork1", "HomeWork1\HomeWork1.vcxproj", "{F96F42C2-82B6-4E22-9E82-9099003EAF03}"
EndProject
Project("{2150E333-8FDC-42A3-9474-1A3956D46DE8}") = "HomeWorks", "HomeWorks", "{7EF9EBDF-D5AF-4F3C-9563-C17E5C6F1EED}"
EndProject
Project("{8BC9CEB8-8B4A-11D0-8D11-00A0C91BC942}") = "HomeWork1(2)", "HomeWork1(2)\HomeWork1(2).vcxproj", "{1A9F4769-36B4-45AC-8AAF-0A0F40AE22EE}"
EndProject
Project("{8BC9CEB8-8B4A-11D0-8D11-00A0C91BC942}") = "HomeWork1(3)", "HomeWork1(3)\HomeWork1(3).vcxproj", "{48758A64-C5ED-4241-BE4A-230402307D5E}"
EndProject
Project("{8BC9CEB8-8B4A-11D0-8D11-00A0C91BC942}") = "HomeWork1(4)", "HomeWork1(4)\HomeWork1(4).vcxproj", "{E55A5721-56C2-4049-9509-D7C572A2E78A}"
EndProject
Project("{8BC9CEB8-8B4A-11D0-8D11-00A0C91BC942}") = "HomeWork2", "HomeWork2\HomeWork2.vcxproj", "{168C4621-1D1C-487A-8E47-6E3E77A1A6B1}"
EndProject
Project("{8BC9CEB8-8B4A-11D0-8D11-00A0C91BC942}") = "HomeWork3", "HomeWork3\HomeWork3.vcxproj", "{632E8CB5-2B7C-4856-B706-C4F63638A044}"
EndProject
Project("{8BC9CEB8-8B4A-11D0-8D11-00A0C91BC942}") = "HomeWork3_2", "HomeWork3_2\HomeWork3_2.vcxproj", "{3B3EDDD6-CB11-4B0E-A318-C0CEBF8EA7F1}"
EndProject
Project("{8BC9CEB8-8B4A-11D0-8D11-00A0C91BC942}") = "HomeWork3_3", "HomeWork3_3\HomeWork3_3.vcxproj", "{1E15C1D4-1519-4C06-88F6-1904E5E43302}"
EndProject
Project("{8BC9CEB8-8B4A-11D0-8D11-00A0C91BC942}") = "HomeWork3_4", "HomeWork3_4\HomeWork3_4.vcxproj", "{ABFFFECE-D910-4DE9-BACD-1556CA6DE797}"
EndProject
Project("{8BC9CEB8-8B4A-11D0-8D11-00A0C91BC942}") = "HomeWork3_5", "HomeWork3_5\HomeWork3_5.vcxproj", "{2ACEB12E-7748-4D16-BDDD-47E37578AF8D}"
EndProject
Project("{8BC9CEB8-8B4A-11D0-8D11-00A0C91BC942}") = "HomeWork3_6", "HomeWork3_6\HomeWork3_6.vcxproj", "{48E2212D-0223-4800-B886-0E2FE0195457}"
EndProject
Project("{8BC9CEB8-8B4A-11D0-8D11-00A0C91BC942}") = "HomeWork3_7", "HomeWork3_7\HomeWork3_7.vcxproj", "{05523911-9AE4-4C0C-BF0A-9E9B6BB94370}"
EndProject
Project("{2150E333-8FDC-42A3-9474-1A3956D46DE8}") = "HomeWorks1", "HomeWorks1", "{2418C7E6-87CC-4145-99A7-FDB0812E901F}"
EndProject
Project("{2150E333-8FDC-42A3-9474-1A3956D46DE8}") = "HomeWorks3", "HomeWorks3", "{4A9AE009-D436-403E-BB75-65513F98E407}"
EndProject
Project("{2150E333-8FDC-42A3-9474-1A3956D46DE8}") = "HomeWorks4", "HomeWorks4", "{B7C7BBD7-65A7-4EB4-A2A1-104CE4E11B18}"
EndProject
Project("{8BC9CEB8-8B4A-11D0-8D11-00A0C91BC942}") = "HomeWork4", "HomeWork4\HomeWork4.vcxproj", "{67526472-B9ED-4071-9C4E-92B365AF3BDD}"
EndProject
Project("{8BC9CEB8-8B4A-11D0-8D11-00A0C91BC942}") = "HomeWork4_2", "HomeWork4_2\HomeWork4_2.vcxproj", "{7FBDBF48-C56C-4D06-A975-95275515CE73}"
EndProject
Project("{8BC9CEB8-8B4A-11D0-8D11-00A0C91BC942}") = "HomeWork4_3", "HomeWork4_3\HomeWork4_3.vcxproj", "{625D908A-337E-41B0-8F22-DA5ADE1BB1DB}"
EndProject
Project("{8BC9CEB8-8B4A-11D0-8D11-00A0C91BC942}") = "HomeWork4_4", "HomeWork4_4\HomeWork4_4.vcxproj", "{F4ABBFE0-CA20-417E-BEEF-9F0302416E08}"
EndProject
Project("{8BC9CEB8-8B4A-11D0-8D11-00A0C91BC942}") = "HomeWork4_5", "HomeWork4_5\HomeWork4_5.vcxproj", "{D0C9C717-E475-4117-841F-EE503506A250}"
EndProject
Project("{8BC9CEB8-8B4A-11D0-8D11-00A0C91BC942}") = "HomeWork4_6", "HomeWork4_6\HomeWork4_6.vcxproj", "{4E5EE42E-EA27-4392-8DBE-FFCED9089FB8}"
EndProject
Project("{8BC9CEB8-8B4A-11D0-8D11-00A0C91BC942}") = "HomeWork4_7", "HomeWork4_7\HomeWork4_7.vcxproj", "{B41FC656-33A4-4B95-B4E9-FA2E0D12AF22}"
EndProject
Global
	GlobalSection(SolutionConfigurationPlatforms) = preSolution
		Debug|x64 = Debug|x64
		Debug|x86 = Debug|x86
		Release|x64 = Release|x64
		Release|x86 = Release|x86
	EndGlobalSection
	GlobalSection(ProjectConfigurationPlatforms) = postSolution
		{F96F42C2-82B6-4E22-9E82-9099003EAF03}.Debug|x64.ActiveCfg = Debug|x64
		{F96F42C2-82B6-4E22-9E82-9099003EAF03}.Debug|x64.Build.0 = Debug|x64
		{F96F42C2-82B6-4E22-9E82-9099003EAF03}.Debug|x86.ActiveCfg = Debug|Win32
		{F96F42C2-82B6-4E22-9E82-9099003EAF03}.Debug|x86.Build.0 = Debug|Win32
		{F96F42C2-82B6-4E22-9E82-9099003EAF03}.Release|x64.ActiveCfg = Release|x64
		{F96F42C2-82B6-4E22-9E82-9099003EAF03}.Release|x64.Build.0 = Release|x64
		{F96F42C2-82B6-4E22-9E82-9099003EAF03}.Release|x86.ActiveCfg = Release|Win32
		{F96F42C2-82B6-4E22-9E82-9099003EAF03}.Release|x86.Build.0 = Release|Win32
		{1A9F4769-36B4-45AC-8AAF-0A0F40AE22EE}.Debug|x64.ActiveCfg = Debug|x64
		{1A9F4769-36B4-45AC-8AAF-0A0F40AE22EE}.Debug|x64.Build.0 = Debug|x64
		{1A9F4769-36B4-45AC-8AAF-0A0F40AE22EE}.Debug|x86.ActiveCfg = Debug|Win32
		{1A9F4769-36B4-45AC-8AAF-0A0F40AE22EE}.Debug|x86.Build.0 = Debug|Win32
		{1A9F4769-36B4-45AC-8AAF-0A0F40AE22EE}.Release|x64.ActiveCfg = Release|x64
		{1A9F4769-36B4-45AC-8AAF-0A0F40AE22EE}.Release|x64.Build.0 = Release|x64
		{1A9F4769-36B4-45AC-8AAF-0A0F40AE22EE}.Release|x86.ActiveCfg = Release|Win32
		{1A9F4769-36B4-45AC-8AAF-0A0F40AE22EE}.Release|x86.Build.0 = Release|Win32
		{48758A64-C5ED-4241-BE4A-230402307D5E}.Debug|x64.ActiveCfg = Debug|x64
		{48758A64-C5ED-4241-BE4A-230402307D5E}.Debug|x64.Build.0 = Debug|x64
		{48758A64-C5ED-4241-BE4A-230402307D5E}.Debug|x86.ActiveCfg = Debug|Win32
		{48758A64-C5ED-4241-BE4A-230402307D5E}.Debug|x86.Build.0 = Debug|Win32
		{48758A64-C5ED-4241-BE4A-230402307D5E}.Release|x64.ActiveCfg = Release|x64
		{48758A64-C5ED-4241-BE4A-230402307D5E}.Release|x64.Build.0 = Release|x64
		{48758A64-C5ED-4241-BE4A-230402307D5E}.Release|x86.ActiveCfg = Release|Win32
		{48758A64-C5ED-4241-BE4A-230402307D5E}.Release|x86.Build.0 = Release|Win32
		{E55A5721-56C2-4049-9509-D7C572A2E78A}.Debug|x64.ActiveCfg = Debug|x64
		{E55A5721-56C2-4049-9509-D7C572A2E78A}.Debug|x64.Build.0 = Debug|x64
		{E55A5721-56C2-4049-9509-D7C572A2E78A}.Debug|x86.ActiveCfg = Debug|Win32
		{E55A5721-56C2-4049-9509-D7C572A2E78A}.Debug|x86.Build.0 = Debug|Win32
		{E55A5721-56C2-4049-9509-D7C572A2E78A}.Release|x64.ActiveCfg = Release|x64
		{E55A5721-56C2-4049-9509-D7C572A2E78A}.Release|x64.Build.0 = Release|x64
		{E55A5721-56C2-4049-9509-D7C572A2E78A}.Release|x86.ActiveCfg = Release|Win32
		{E55A5721-56C2-4049-9509-D7C572A2E78A}.Release|x86.Build.0 = Release|Win32
		{168C4621-1D1C-487A-8E47-6E3E77A1A6B1}.Debug|x64.ActiveCfg = Debug|x64
		{168C4621-1D1C-487A-8E47-6E3E77A1A6B1}.Debug|x64.Build.0 = Debug|x64
		{168C4621-1D1C-487A-8E47-6E3E77A1A6B1}.Debug|x86.ActiveCfg = Debug|Win32
		{168C4621-1D1C-487A-8E47-6E3E77A1A6B1}.Debug|x86.Build.0 = Debug|Win32
		{168C4621-1D1C-487A-8E47-6E3E77A1A6B1}.Release|x64.ActiveCfg = Release|x64
		{168C4621-1D1C-487A-8E47-6E3E77A1A6B1}.Release|x64.Build.0 = Release|x64
		{168C4621-1D1C-487A-8E47-6E3E77A1A6B1}.Release|x86.ActiveCfg = Release|Win32
		{168C4621-1D1C-487A-8E47-6E3E77A1A6B1}.Release|x86.Build.0 = Release|Win32
		{632E8CB5-2B7C-4856-B706-C4F63638A044}.Debug|x64.ActiveCfg = Debug|x64
		{632E8CB5-2B7C-4856-B706-C4F63638A044}.Debug|x64.Build.0 = Debug|x64
		{632E8CB5-2B7C-4856-B706-C4F63638A044}.Debug|x86.ActiveCfg = Debug|Win32
		{632E8CB5-2B7C-4856-B706-C4F63638A044}.Debug|x86.Build.0 = Debug|Win32
		{632E8CB5-2B7C-4856-B706-C4F63638A044}.Release|x64.ActiveCfg = Release|x64
		{632E8CB5-2B7C-4856-B706-C4F63638A044}.Release|x64.Build.0 = Release|x64
		{632E8CB5-2B7C-4856-B706-C4F63638A044}.Release|x86.ActiveCfg = Release|Win32
		{632E8CB5-2B7C-4856-B706-C4F63638A044}.Release|x86.Build.0 = Release|Win32
		{3B3EDDD6-CB11-4B0E-A318-C0CEBF8EA7F1}.Debug|x64.ActiveCfg = Debug|x64
		{3B3EDDD6-CB11-4B0E-A318-C0CEBF8EA7F1}.Debug|x64.Build.0 = Debug|x64
		{3B3EDDD6-CB11-4B0E-A318-C0CEBF8EA7F1}.Debug|x86.ActiveCfg = Debug|Win32
		{3B3EDDD6-CB11-4B0E-A318-C0CEBF8EA7F1}.Debug|x86.Build.0 = Debug|Win32
		{3B3EDDD6-CB11-4B0E-A318-C0CEBF8EA7F1}.Release|x64.ActiveCfg = Release|x64
		{3B3EDDD6-CB11-4B0E-A318-C0CEBF8EA7F1}.Release|x64.Build.0 = Release|x64
		{3B3EDDD6-CB11-4B0E-A318-C0CEBF8EA7F1}.Release|x86.ActiveCfg = Release|Win32
		{3B3EDDD6-CB11-4B0E-A318-C0CEBF8EA7F1}.Release|x86.Build.0 = Release|Win32
		{1E15C1D4-1519-4C06-88F6-1904E5E43302}.Debug|x64.ActiveCfg = Debug|x64
		{1E15C1D4-1519-4C06-88F6-1904E5E43302}.Debug|x64.Build.0 = Debug|x64
		{1E15C1D4-1519-4C06-88F6-1904E5E43302}.Debug|x86.ActiveCfg = Debug|Win32
		{1E15C1D4-1519-4C06-88F6-1904E5E43302}.Debug|x86.Build.0 = Debug|Win32
		{1E15C1D4-1519-4C06-88F6-1904E5E43302}.Release|x64.ActiveCfg = Release|x64
		{1E15C1D4-1519-4C06-88F6-1904E5E43302}.Release|x64.Build.0 = Release|x64
		{1E15C1D4-1519-4C06-88F6-1904E5E43302}.Release|x86.ActiveCfg = Release|Win32
		{1E15C1D4-1519-4C06-88F6-1904E5E43302}.Release|x86.Build.0 = Release|Win32
		{ABFFFECE-D910-4DE9-BACD-1556CA6DE797}.Debug|x64.ActiveCfg = Debug|x64
		{ABFFFECE-D910-4DE9-BACD-1556CA6DE797}.Debug|x64.Build.0 = Debug|x64
		{ABFFFECE-D910-4DE9-BACD-1556CA6DE797}.Debug|x86.ActiveCfg = Debug|Win32
		{ABFFFECE-D910-4DE9-BACD-1556CA6DE797}.Debug|x86.Build.0 = Debug|Win32
		{ABFFFECE-D910-4DE9-BACD-1556CA6DE797}.Release|x64.ActiveCfg = Release|x64
		{ABFFFECE-D910-4DE9-BACD-1556CA6DE797}.Release|x64.Build.0 = Release|x64
		{ABFFFECE-D910-4DE9-BACD-1556CA6DE797}.Release|x86.ActiveCfg = Release|Win32
		{ABFFFECE-D910-4DE9-BACD-1556CA6DE797}.Release|x86.Build.0 = Release|Win32
		{2ACEB12E-7748-4D16-BDDD-47E37578AF8D}.Debug|x64.ActiveCfg = Debug|x64
		{2ACEB12E-7748-4D16-BDDD-47E37578AF8D}.Debug|x64.Build.0 = Debug|x64
		{2ACEB12E-7748-4D16-BDDD-47E37578AF8D}.Debug|x86.ActiveCfg = Debug|Win32
		{2ACEB12E-7748-4D16-BDDD-47E37578AF8D}.Debug|x86.Build.0 = Debug|Win32
		{2ACEB12E-7748-4D16-BDDD-47E37578AF8D}.Release|x64.ActiveCfg = Release|x64
		{2ACEB12E-7748-4D16-BDDD-47E37578AF8D}.Release|x64.Build.0 = Release|x64
		{2ACEB12E-7748-4D16-BDDD-47E37578AF8D}.Release|x86.ActiveCfg = Release|Win32
		{2ACEB12E-7748-4D16-BDDD-47E37578AF8D}.Release|x86.Build.0 = Release|Win32
		{48E2212D-0223-4800-B886-0E2FE0195457}.Debug|x64.ActiveCfg = Debug|x64
		{48E2212D-0223-4800-B886-0E2FE0195457}.Debug|x64.Build.0 = Debug|x64
		{48E2212D-0223-4800-B886-0E2FE0195457}.Debug|x86.ActiveCfg = Debug|Win32
		{48E2212D-0223-4800-B886-0E2FE0195457}.Debug|x86.Build.0 = Debug|Win32
		{48E2212D-0223-4800-B886-0E2FE0195457}.Release|x64.ActiveCfg = Release|x64
		{48E2212D-0223-4800-B886-0E2FE0195457}.Release|x64.Build.0 = Release|x64
		{48E2212D-0223-4800-B886-0E2FE0195457}.Release|x86.ActiveCfg = Release|Win32
		{48E2212D-0223-4800-B886-0E2FE0195457}.Release|x86.Build.0 = Release|Win32
		{05523911-9AE4-4C0C-BF0A-9E9B6BB94370}.Debug|x64.ActiveCfg = Debug|x64
		{05523911-9AE4-4C0C-BF0A-9E9B6BB94370}.Debug|x64.Build.0 = Debug|x64
		{05523911-9AE4-4C0C-BF0A-9E9B6BB94370}.Debug|x86.ActiveCfg = Debug|Win32
		{05523911-9AE4-4C0C-BF0A-9E9B6BB94370}.Debug|x86.Build.0 = Debug|Win32
		{05523911-9AE4-4C0C-BF0A-9E9B6BB94370}.Release|x64.ActiveCfg = Release|x64
		{05523911-9AE4-4C0C-BF0A-9E9B6BB94370}.Release|x64.Build.0 = Release|x64
		{05523911-9AE4-4C0C-BF0A-9E9B6BB94370}.Release|x86.ActiveCfg = Release|Win32
		{05523911-9AE4-4C0C-BF0A-9E9B6BB94370}.Release|x86.Build.0 = Release|Win32
		{67526472-B9ED-4071-9C4E-92B365AF3BDD}.Debug|x64.ActiveCfg = Debug|x64
		{67526472-B9ED-4071-9C4E-92B365AF3BDD}.Debug|x64.Build.0 = Debug|x64
		{67526472-B9ED-4071-9C4E-92B365AF3BDD}.Debug|x86.ActiveCfg = Debug|Win32
		{67526472-B9ED-4071-9C4E-92B365AF3BDD}.Debug|x86.Build.0 = Debug|Win32
		{67526472-B9ED-4071-9C4E-92B365AF3BDD}.Release|x64.ActiveCfg = Release|x64
		{67526472-B9ED-4071-9C4E-92B365AF3BDD}.Release|x64.Build.0 = Release|x64
		{67526472-B9ED-4071-9C4E-92B365AF3BDD}.Release|x86.ActiveCfg = Release|Win32
		{67526472-B9ED-4071-9C4E-92B365AF3BDD}.Release|x86.Build.0 = Release|Win32
		{7FBDBF48-C56C-4D06-A975-95275515CE73}.Debug|x64.ActiveCfg = Debug|x64
		{7FBDBF48-C56C-4D06-A975-95275515CE73}.Debug|x64.Build.0 = Debug|x64
		{7FBDBF48-C56C-4D06-A975-95275515CE73}.Debug|x86.ActiveCfg = Debug|Win32
		{7FBDBF48-C56C-4D06-A975-95275515CE73}.Debug|x86.Build.0 = Debug|Win32
		{7FBDBF48-C56C-4D06-A975-95275515CE73}.Release|x64.ActiveCfg = Release|x64
		{7FBDBF48-C56C-4D06-A975-95275515CE73}.Release|x64.Build.0 = Release|x64
		{7FBDBF48-C56C-4D06-A975-95275515CE73}.Release|x86.ActiveCfg = Release|Win32
		{7FBDBF48-C56C-4D06-A975-95275515CE73}.Release|x86.Build.0 = Release|Win32
		{625D908A-337E-41B0-8F22-DA5ADE1BB1DB}.Debug|x64.ActiveCfg = Debug|x64
		{625D908A-337E-41B0-8F22-DA5ADE1BB1DB}.Debug|x64.Build.0 = Debug|x64
		{625D908A-337E-41B0-8F22-DA5ADE1BB1DB}.Debug|x86.ActiveCfg = Debug|Win32
		{625D908A-337E-41B0-8F22-DA5ADE1BB1DB}.Debug|x86.Build.0 = Debug|Win32
		{625D908A-337E-41B0-8F22-DA5ADE1BB1DB}.Release|x64.ActiveCfg = Release|x64
		{625D908A-337E-41B0-8F22-DA5ADE1BB1DB}.Release|x64.Build.0 = Release|x64
		{625D908A-337E-41B0-8F22-DA5ADE1BB1DB}.Release|x86.ActiveCfg = Release|Win32
		{625D908A-337E-41B0-8F22-DA5ADE1BB1DB}.Release|x86.Build.0 = Release|Win32
		{F4ABBFE0-CA20-417E-BEEF-9F0302416E08}.Debug|x64.ActiveCfg = Debug|x64
		{F4ABBFE0-CA20-417E-BEEF-9F0302416E08}.Debug|x64.Build.0 = Debug|x64
		{F4ABBFE0-CA20-417E-BEEF-9F0302416E08}.Debug|x86.ActiveCfg = Debug|Win32
		{F4ABBFE0-CA20-417E-BEEF-9F0302416E08}.Debug|x86.Build.0 = Debug|Win32
		{F4ABBFE0-CA20-417E-BEEF-9F0302416E08}.Release|x64.ActiveCfg = Release|x64
		{F4ABBFE0-CA20-417E-BEEF-9F0302416E08}.Release|x64.Build.0 = Release|x64
		{F4ABBFE0-CA20-417E-BEEF-9F0302416E08}.Release|x86.ActiveCfg = Release|Win32
		{F4ABBFE0-CA20-417E-BEEF-9F0302416E08}.Release|x86.Build.0 = Release|Win32
		{D0C9C717-E475-4117-841F-EE503506A250}.Debug|x64.ActiveCfg = Debug|x64
		{D0C9C717-E475-4117-841F-EE503506A250}.Debug|x64.Build.0 = Debug|x64
		{D0C9C717-E475-4117-841F-EE503506A250}.Debug|x86.ActiveCfg = Debug|Win32
		{D0C9C717-E475-4117-841F-EE503506A250}.Debug|x86.Build.0 = Debug|Win32
		{D0C9C717-E475-4117-841F-EE503506A250}.Release|x64.ActiveCfg = Release|x64
		{D0C9C717-E475-4117-841F-EE503506A250}.Release|x64.Build.0 = Release|x64
		{D0C9C717-E475-4117-841F-EE503506A250}.Release|x86.ActiveCfg = Release|Win32
		{D0C9C717-E475-4117-841F-EE503506A250}.Release|x86.Build.0 = Release|Win32
		{4E5EE42E-EA27-4392-8DBE-FFCED9089FB8}.Debug|x64.ActiveCfg = Debug|x64
		{4E5EE42E-EA27-4392-8DBE-FFCED9089FB8}.Debug|x64.Build.0 = Debug|x64
		{4E5EE42E-EA27-4392-8DBE-FFCED9089FB8}.Debug|x86.ActiveCfg = Debug|Win32
		{4E5EE42E-EA27-4392-8DBE-FFCED9089FB8}.Debug|x86.Build.0 = Debug|Win32
		{4E5EE42E-EA27-4392-8DBE-FFCED9089FB8}.Release|x64.ActiveCfg = Release|x64
		{4E5EE42E-EA27-4392-8DBE-FFCED9089FB8}.Release|x64.Build.0 = Release|x64
		{4E5EE42E-EA27-4392-8DBE-FFCED9089FB8}.Release|x86.ActiveCfg = Release|Win32
		{4E5EE42E-EA27-4392-8DBE-FFCED9089FB8}.Release|x86.Build.0 = Release|Win32
		{B41FC656-33A4-4B95-B4E9-FA2E0D12AF22}.Debug|x64.ActiveCfg = Debug|x64
		{B41FC656-33A4-4B95-B4E9-FA2E0D12AF22}.Debug|x64.Build.0 = Debug|x64
		{B41FC656-33A4-4B95-B4E9-FA2E0D12AF22}.Debug|x86.ActiveCfg = Debug|Win32
		{B41FC656-33A4-4B95-B4E9-FA2E0D12AF22}.Debug|x86.Build.0 = Debug|Win32
		{B41FC656-33A4-4B95-B4E9-FA2E0D12AF22}.Release|x64.ActiveCfg = Release|x64
		{B41FC656-33A4-4B95-B4E9-FA2E0D12AF22}.Release|x64.Build.0 = Release|x64
		{B41FC656-33A4-4B95-B4E9-FA2E0D12AF22}.Release|x86.ActiveCfg = Release|Win32
		{B41FC656-33A4-4B95-B4E9-FA2E0D12AF22}.Release|x86.Build.0 = Release|Win32
	EndGlobalSection
	GlobalSection(SolutionProperties) = preSolution
		HideSolutionNode = FALSE
	EndGlobalSection
	GlobalSection(NestedProjects) = preSolution
		{F96F42C2-82B6-4E22-9E82-9099003EAF03} = {2418C7E6-87CC-4145-99A7-FDB0812E901F}
		{1A9F4769-36B4-45AC-8AAF-0A0F40AE22EE} = {2418C7E6-87CC-4145-99A7-FDB0812E901F}
		{48758A64-C5ED-4241-BE4A-230402307D5E} = {2418C7E6-87CC-4145-99A7-FDB0812E901F}
		{E55A5721-56C2-4049-9509-D7C572A2E78A} = {2418C7E6-87CC-4145-99A7-FDB0812E901F}
		{168C4621-1D1C-487A-8E47-6E3E77A1A6B1} = {7EF9EBDF-D5AF-4F3C-9563-C17E5C6F1EED}
		{632E8CB5-2B7C-4856-B706-C4F63638A044} = {4A9AE009-D436-403E-BB75-65513F98E407}
		{3B3EDDD6-CB11-4B0E-A318-C0CEBF8EA7F1} = {4A9AE009-D436-403E-BB75-65513F98E407}
		{1E15C1D4-1519-4C06-88F6-1904E5E43302} = {4A9AE009-D436-403E-BB75-65513F98E407}
		{ABFFFECE-D910-4DE9-BACD-1556CA6DE797} = {4A9AE009-D436-403E-BB75-65513F98E407}
		{2ACEB12E-7748-4D16-BDDD-47E37578AF8D} = {4A9AE009-D436-403E-BB75-65513F98E407}
		{48E2212D-0223-4800-B886-0E2FE0195457} = {4A9AE009-D436-403E-BB75-65513F98E407}
		{05523911-9AE4-4C0C-BF0A-9E9B6BB94370} = {4A9AE009-D436-403E-BB75-65513F98E407}
		{2418C7E6-87CC-4145-99A7-FDB0812E901F} = {7EF9EBDF-D5AF-4F3C-9563-C17E5C6F1EED}
		{4A9AE009-D436-403E-BB75-65513F98E407} = {7EF9EBDF-D5AF-4F3C-9563-C17E5C6F1EED}
		{B7C7BBD7-65A7-4EB4-A2A1-104CE4E11B18} = {7EF9EBDF-D5AF-4F3C-9563-C17E5C6F1EED}
		{67526472-B9ED-4071-9C4E-92B365AF3BDD} = {B7C7BBD7-65A7-4EB4-A2A1-104CE4E11B18}
		{7FBDBF48-C56C-4D06-A975-95275515CE73} = {B7C7BBD7-65A7-4EB4-A2A1-104CE4E11B18}
		{625D908A-337E-41B0-8F22-DA5ADE1BB1DB} = {B7C7BBD7-65A7-4EB4-A2A1-104CE4E11B18}
		{F4ABBFE0-CA20-417E-BEEF-9F0302416E08} = {B7C7BBD7-65A7-4EB4-A2A1-104CE4E11B18}
		{D0C9C717-E475-4117-841F-EE503506A250} = {B7C7BBD7-65A7-4EB4-A2A1-104CE4E11B18}
		{4E5EE42E-EA27-4392-8DBE-FFCED9089FB8} = {B7C7BBD7-65A7-4EB4-A2A1-104CE4E11B18}
		{B41FC656-33A4-4B95-B4E9-FA2E0D12AF22} = {B7C7BBD7-65A7-4EB4-A2A1-104CE4E11B18}
	EndGlobalSection
	GlobalSection(ExtensibilityGlobals) = postSolution
		SolutionGuid = {F5A1A358-9855-4700-9B2D-FB3EF2BB4B77}
	EndGlobalSection
EndGlobal
